{
    "_readme": [
        "This file locks the dependencies of your project to a known state",
        "Read more about it at https://getcomposer.org/doc/01-basic-usage.md#composer-lock-the-lock-file",
        "This file is @generated automatically"
    ],
    "content-hash": "e809c73fc6e52e32230109724a1bd8fc",
    "packages": [
        {
            "name": "aryelgois/utils",
            "version": "v0.5.0",
            "source": {
                "type": "git",
                "url": "https://github.com/aryelgois/utils.git",
                "reference": "8861a54a7c919335193c48dced137d6ddb67c156"
            },
            "dist": {
                "type": "zip",
                "url": "https://api.github.com/repos/aryelgois/utils/zipball/8861a54a7c919335193c48dced137d6ddb67c156",
                "reference": "8861a54a7c919335193c48dced137d6ddb67c156",
                "shasum": ""
            },
            "require": {
                "php": "^7.0"
            },
            "type": "library",
            "autoload": {
                "psr-4": {
                    "aryelgois\\Utils\\": "src/"
                }
            },
            "notification-url": "https://packagist.org/downloads/",
            "license": [
                "MIT"
            ],
            "authors": [
                {
                    "name": "Aryel Mota Góis",
                    "role": "Developer"
                }
            ],
            "description": "Useful methods for not repeating myself",
            "keywords": [
                "utils"
            ],
            "time": "2018-03-08T02:48:13+00:00"
        },
        {
            "name": "catfan/medoo",
            "version": "v1.5.5",
            "source": {
                "type": "git",
                "url": "https://github.com/catfan/Medoo.git",
                "reference": "4e51f7483b01ed1195565bb64e85ea8bd17b63cb"
            },
            "dist": {
                "type": "zip",
                "url": "https://api.github.com/repos/catfan/Medoo/zipball/4e51f7483b01ed1195565bb64e85ea8bd17b63cb",
                "reference": "4e51f7483b01ed1195565bb64e85ea8bd17b63cb",
                "shasum": ""
            },
            "require": {
                "ext-pdo": "*",
                "php": ">=5.4"
            },
            "suggest": {
                "ext-pdo_dblib": "For MSSQL or Sybase database on Linux/UNIX platform",
                "ext-pdo_mysql": "For MySQL or MariaDB database",
                "ext-pdo_oci": "For Oracle database",
                "ext-pdo_oci8": "For Oracle version 8 database",
                "ext-pdo_pqsql": "For PostgreSQL database",
                "ext-pdo_sqlite": "For SQLite database",
                "ext-pdo_sqlsrv": "For MSSQL database"
            },
            "type": "framework",
            "autoload": {
                "psr-4": {
                    "Medoo\\": "/src"
                }
            },
            "notification-url": "https://packagist.org/downloads/",
            "license": [
                "MIT"
            ],
            "authors": [
                {
                    "name": "Angel Lai",
                    "email": "angel@catfan.me"
                }
            ],
            "description": "The lightest PHP database framework to accelerate development",
            "homepage": "https://medoo.in",
            "keywords": [
                "database",
                "lightweight",
                "mariadb",
                "mssql",
                "mysql",
                "oracle",
                "php framework",
                "postgresql",
                "sql",
                "sqlite"
            ],
            "time": "2018-03-07T09:42:23+00:00"
        }
    ],
    "packages-dev": [],
    "aliases": [],
    "minimum-stability": "stable",
    "stability-flags": [],
    "prefer-stable": false,
    "prefer-lowest": false,
    "platform": {
        "php": "^7.0"
    },
    "platform-dev": []
}
